
Microsoft Visual Studio Solution File, Format Version 12.00
# Visual Studio 15
Project("{FAE04EC0-301F-11D3-BF4B-00C04F79EFBC}") = "Assembly-CSharp", "Assembly-CSharp.csproj", "{D5C5B710-BF8A-5CBC-1B65-C47F80C09448}"
EndProject
Global
	GlobalSection(SolutionConfigurationPlatforms) = preSolution
		Debug|Any CPU = Debug|Any CPU
		Release|Any CPU = Release|Any CPU
	EndGlobalSection
	GlobalSection(ProjectConfigurationPlatforms) = postSolution
		{D5C5B710-BF8A-5CBC-1B65-C47F80C09448}.Debug|Any CPU.ActiveCfg = Debug|Any CPU
		{D5C5B710-BF8A-5CBC-1B65-C47F80C09448}.Debug|Any CPU.Build.0 = Debug|Any CPU
		{D5C5B710-BF8A-5CBC-1B65-C47F80C09448}.Release|Any CPU.ActiveCfg = Release|Any CPU
		{D5C5B710-BF8A-5CBC-1B65-C47F80C09448}.Release|Any CPU.Build.0 = Release|Any CPU
	EndGlobalSection
	GlobalSection(SolutionProperties) = preSolution
		HideSolutionNode = FALSE
	EndGlobalSection
EndGlobal
